PODS:
  - KIF (3.2.3):
    - KIF/XCTest (= 3.2.3)
  - KIF/XCTest (3.2.3)
  - RBStoryboardLink (0.1.4)

DEPENDENCIES:
  - KIF (~> 3.0)
  - RBStoryboardLink (from `../RBStoryboardLink.podspec`)

EXTERNAL SOURCES:
  RBStoryboardLink:
    :path: ../RBStoryboardLink.podspec

SPEC CHECKSUMS:
  KIF: a94bffe9c97e449e44f8fa481c53243d21309e1e
  RBStoryboardLink: 0faae84aea6a5e8716c4469984d847d958c3fcb3

COCOAPODS: 0.37.2
